// !$*UTF8*$!
{
	archiveVersion = 1;
	classes = {
	};
	objectVersion = 46;
	objects = {

/* Begin PBXBuildFile section */
		5456A4F91E371A8300590A98 /* CLDataService.m in Sources */ = {isa = PBXBuildFile; fileRef = 5456A4F81E371A8300590A98 /* CLDataService.m */; };
		5475DB101C76C56C0033C1E9 /* main.m in Sources */ = {isa = PBXBuildFile; fileRef = 5475DB0F1C76C56C0033C1E9 /* main.m */; };
		5475DB131C76C56C0033C1E9 /* AppDelegate.m in Sources */ = {isa = PBXBuildFile; fileRef = 5475DB121C76C56C0033C1E9 /* AppDelegate.m */; };
		5475DB161C76C56C0033C1E9 /* ViewController.m in Sources */ = {isa = PBXBuildFile; fileRef = 5475DB151C76C56C0033C1E9 /* ViewController.m */; };
		5475DB191C76C56C0033C1E9 /* Main.storyboard in Resources */ = {isa = PBXBuildFile; fileRef = 5475DB171C76C56C0033C1E9 /* Main.storyboard */; };
		5475DB1C1C76C56C0033C1E9 /* FlavaMusic.xcdatamodeld in Sources */ = {isa = PBXBuildFile; fileRef = 5475DB1A1C76C56C0033C1E9 /* FlavaMusic.xcdatamodeld */; };
		5475DB1E1C76C56C0033C1E9 /* Assets.xcassets in Resources */ = {isa = PBXBuildFile; fileRef = 5475DB1D1C76C56C0033C1E9 /* Assets.xcassets */; };
		5475DB211C76C56C0033C1E9 /* LaunchScreen.storyboard in Resources */ = {isa = PBXBuildFile; fileRef = 5475DB1F1C76C56C0033C1E9 /* LaunchScreen.storyboard */; };
		5475DB2C1C76C56C0033C1E9 /* FlavaMusicTests.m in Sources */ = {isa = PBXBuildFile; fileRef = 5475DB2B1C76C56C0033C1E9 /* FlavaMusicTests.m */; };
		5475DB371C76C56C0033C1E9 /* FlavaMusicUITests.m in Sources */ = {isa = PBXBuildFile; fileRef = 5475DB361C76C56C0033C1E9 /* FlavaMusicUITests.m */; };
		54B3DCE01E9CEE2B00FF236D /* QueryViolations_ent-LinkMap-normal-arm64.txt in Resources */ = {isa = PBXBuildFile; fileRef = 54B3DCDF1E9CEE2B00FF236D /* QueryViolations_ent-LinkMap-normal-arm64.txt */; };
		54FD613F1C76E7760022CA54 /* FMDataService.m in Sources */ = {isa = PBXBuildFile; fileRef = 54FD613E1C76E7760022CA54 /* FMDataService.m */; };
		6FDB85B61D5B6AE500D9CAB8 /* FMScrollHeaderCell.m in Sources */ = {isa = PBXBuildFile; fileRef = 6FDB85B51D5B6AE500D9CAB8 /* FMScrollHeaderCell.m */; };
		6FDB85B91D5B6BF500D9CAB8 /* FMScrollHeaderItemView.m in Sources */ = {isa = PBXBuildFile; fileRef = 6FDB85B81D5B6BF500D9CAB8 /* FMScrollHeaderItemView.m */; };
		6FDB85BC1D676A0500D9CAB8 /* FMRefreshHeaderView.m in Sources */ = {isa = PBXBuildFile; fileRef = 6FDB85BB1D676A0500D9CAB8 /* FMRefreshHeaderView.m */; };
		6FDB85C21D676BC400D9CAB8 /* refresh_header_ani_0@2x.png in Resources */ = {isa = PBXBuildFile; fileRef = 6FDB85BF1D676BC400D9CAB8 /* refresh_header_ani_0@2x.png */; };
		6FDB85C31D676BC400D9CAB8 /* refresh_header_ani_1@2x.png in Resources */ = {isa = PBXBuildFile; fileRef = 6FDB85C01D676BC400D9CAB8 /* refresh_header_ani_1@2x.png */; };
		6FDB85C41D676BC400D9CAB8 /* refresh_header_ani_2@2x.png in Resources */ = {isa = PBXBuildFile; fileRef = 6FDB85C11D676BC400D9CAB8 /* refresh_header_ani_2@2x.png */; };
		6FDB85C71D676F8C00D9CAB8 /* FMRefreshAnimationView.m in Sources */ = {isa = PBXBuildFile; fileRef = 6FDB85C61D676F8C00D9CAB8 /* FMRefreshAnimationView.m */; };
		B1B8622708C0CC402C209D08 /* libPods-FlavaMusic.a in Frameworks */ = {isa = PBXBuildFile; fileRef = CFD6A65A4A03A3AE969BEF50 /* libPods-FlavaMusic.a */; };
/* End PBXBuildFile section */

/* Begin PBXContainerItemProxy section */
		5475DB281C76C56C0033C1E9 /* PBXContainerItemProxy */ = {
			isa = PBXContainerItemProxy;
			containerPortal = 5475DB031C76C56C0033C1E9 /* Project object */;
			proxyType = 1;
			remoteGlobalIDString = 5475DB0A1C76C56C0033C1E9;
			remoteInfo = FlavaMusic;
		};
		5475DB331C76C56C0033C1E9 /* PBXContainerItemProxy */ = {
			isa = PBXContainerItemProxy;
			containerPortal = 5475DB031C76C56C0033C1E9 /* Project object */;
			proxyType = 1;
			remoteGlobalIDString = 5475DB0A1C76C56C0033C1E9;
			remoteInfo = FlavaMusic;
		};
/* End PBXContainerItemProxy section */

/* Begin PBXFileReference section */
		5456A4F71E371A8300590A98 /* CLDataService.h */ = {isa = PBXFileReference; fileEncoding = 4; lastKnownFileType = sourcecode.c.h; path = CLDataService.h; sourceTree = "<group>"; };
		5456A4F81E371A8300590A98 /* CLDataService.m */ = {isa = PBXFileReference; fileEncoding = 4; lastKnownFileType = sourcecode.c.objc; path = CLDataService.m; sourceTree = "<group>"; };
		5475DB0B1C76C56C0033C1E9 /* FlavaMusic.app */ = {isa = PBXFileReference; explicitFileType = wrapper.application; includeInIndex = 0; path = FlavaMusic.app; sourceTree = BUILT_PRODUCTS_DIR; };
		5475DB0F1C76C56C0033C1E9 /* main.m */ = {isa = PBXFileReference; lastKnownFileType = sourcecode.c.objc; path = main.m; sourceTree = "<group>"; };
		5475DB111C76C56C0033C1E9 /* AppDelegate.h */ = {isa = PBXFileReference; lastKnownFileType = sourcecode.c.h; path = AppDelegate.h; sourceTree = "<group>"; };
		5475DB121C76C56C0033C1E9 /* AppDelegate.m */ = {isa = PBXFileReference; lastKnownFileType = sourcecode.c.objc; path = AppDelegate.m; sourceTree = "<group>"; };
		5475DB141C76C56C0033C1E9 /* ViewController.h */ = {isa = PBXFileReference; lastKnownFileType = sourcecode.c.h; path = ViewController.h; sourceTree = "<group>"; };
		5475DB151C76C56C0033C1E9 /* ViewController.m */ = {isa = PBXFileReference; lastKnownFileType = sourcecode.c.objc; path = ViewController.m; sourceTree = "<group>"; };
		5475DB181C76C56C0033C1E9 /* Base */ = {isa = PBXFileReference; lastKnownFileType = file.storyboard; name = Base; path = Base.lproj/Main.storyboard; sourceTree = "<group>"; };
		5475DB1B1C76C56C0033C1E9 /* FlavaMusic.xcdatamodel */ = {isa = PBXFileReference; lastKnownFileType = wrapper.xcdatamodel; path = FlavaMusic.xcdatamodel; sourceTree = "<group>"; };
		5475DB1D1C76C56C0033C1E9 /* Assets.xcassets */ = {isa = PBXFileReference; lastKnownFileType = folder.assetcatalog; path = Assets.xcassets; sourceTree = "<group>"; };
		5475DB201C76C56C0033C1E9 /* Base */ = {isa = PBXFileReference; lastKnownFileType = file.storyboard; name = Base; path = Base.lproj/LaunchScreen.storyboard; sourceTree = "<group>"; };
		5475DB221C76C56C0033C1E9 /* Info.plist */ = {isa = PBXFileReference; lastKnownFileType = text.plist.xml; path = Info.plist; sourceTree = "<group>"; };
		5475DB271C76C56C0033C1E9 /* FlavaMusicTests.xctest */ = {isa = PBXFileReference; explicitFileType = wrapper.cfbundle; includeInIndex = 0; path = FlavaMusicTests.xctest; sourceTree = BUILT_PRODUCTS_DIR; };
		5475DB2B1C76C56C0033C1E9 /* FlavaMusicTests.m */ = {isa = PBXFileReference; lastKnownFileType = sourcecode.c.objc; path = FlavaMusicTests.m; sourceTree = "<group>"; };
		5475DB2D1C76C56C0033C1E9 /* Info.plist */ = {isa = PBXFileReference; lastKnownFileType = text.plist.xml; path = Info.plist; sourceTree = "<group>"; };
		5475DB321C76C56C0033C1E9 /* FlavaMusicUITests.xctest */ = {isa = PBXFileReference; explicitFileType = wrapper.cfbundle; includeInIndex = 0; path = FlavaMusicUITests.xctest; sourceTree = BUILT_PRODUCTS_DIR; };
		5475DB361C76C56C0033C1E9 /* FlavaMusicUITests.m */ = {isa = PBXFileReference; lastKnownFileType = sourcecode.c.objc; path = FlavaMusicUITests.m; sourceTree = "<group>"; };
		5475DB381C76C56D0033C1E9 /* Info.plist */ = {isa = PBXFileReference; lastKnownFileType = text.plist.xml; path = Info.plist; sourceTree = "<group>"; };
		54B3DCDF1E9CEE2B00FF236D /* QueryViolations_ent-LinkMap-normal-arm64.txt */ = {isa = PBXFileReference; fileEncoding = 4; lastKnownFileType = text; path = "QueryViolations_ent-LinkMap-normal-arm64.txt"; sourceTree = "<group>"; };
		54FD613D1C76E7760022CA54 /* FMDataService.h */ = {isa = PBXFileReference; fileEncoding = 4; lastKnownFileType = sourcecode.c.h; path = FMDataService.h; sourceTree = "<group>"; };
		54FD613E1C76E7760022CA54 /* FMDataService.m */ = {isa = PBXFileReference; fileEncoding = 4; lastKnownFileType = sourcecode.c.objc; path = FMDataService.m; sourceTree = "<group>"; };
		54FD61401C76EA1A0022CA54 /* FlavaMusic-prefix.pch */ = {isa = PBXFileReference; lastKnownFileType = sourcecode.c.h; path = "FlavaMusic-prefix.pch"; sourceTree = "<group>"; };
		54FD61411C76EAEA0022CA54 /* FMConstant.h */ = {isa = PBXFileReference; lastKnownFileType = sourcecode.c.h; path = FMConstant.h; sourceTree = "<group>"; };
		6FDB85B41D5B6AE500D9CAB8 /* FMScrollHeaderCell.h */ = {isa = PBXFileReference; fileEncoding = 4; lastKnownFileType = sourcecode.c.h; path = FMScrollHeaderCell.h; sourceTree = "<group>"; };
		6FDB85B51D5B6AE500D9CAB8 /* FMScrollHeaderCell.m */ = {isa = PBXFileReference; fileEncoding = 4; lastKnownFileType = sourcecode.c.objc; path = FMScrollHeaderCell.m; sourceTree = "<group>"; };
		6FDB85B71D5B6BF500D9CAB8 /* FMScrollHeaderItemView.h */ = {isa = PBXFileReference; fileEncoding = 4; lastKnownFileType = sourcecode.c.h; path = FMScrollHeaderItemView.h; sourceTree = "<group>"; };
		6FDB85B81D5B6BF500D9CAB8 /* FMScrollHeaderItemView.m */ = {isa = PBXFileReference; fileEncoding = 4; lastKnownFileType = sourcecode.c.objc; path = FMScrollHeaderItemView.m; sourceTree = "<group>"; };
		6FDB85BA1D676A0500D9CAB8 /* FMRefreshHeaderView.h */ = {isa = PBXFileReference; fileEncoding = 4; lastKnownFileType = sourcecode.c.h; path = FMRefreshHeaderView.h; sourceTree = "<group>"; };
		6FDB85BB1D676A0500D9CAB8 /* FMRefreshHeaderView.m */ = {isa = PBXFileReference; fileEncoding = 4; lastKnownFileType = sourcecode.c.objc; path = FMRefreshHeaderView.m; sourceTree = "<group>"; };
		6FDB85BF1D676BC400D9CAB8 /* refresh_header_ani_0@2x.png */ = {isa = PBXFileReference; lastKnownFileType = image.png; path = "refresh_header_ani_0@2x.png"; sourceTree = "<group>"; };
		6FDB85C01D676BC400D9CAB8 /* refresh_header_ani_1@2x.png */ = {isa = PBXFileReference; lastKnownFileType = image.png; path = "refresh_header_ani_1@2x.png"; sourceTree = "<group>"; };
		6FDB85C11D676BC400D9CAB8 /* refresh_header_ani_2@2x.png */ = {isa = PBXFileReference; lastKnownFileType = image.png; path = "refresh_header_ani_2@2x.png"; sourceTree = "<group>"; };
		6FDB85C51D676F8C00D9CAB8 /* FMRefreshAnimationView.h */ = {isa = PBXFileReference; fileEncoding = 4; lastKnownFileType = sourcecode.c.h; path = FMRefreshAnimationView.h; sourceTree = "<group>"; };
		6FDB85C61D676F8C00D9CAB8 /* FMRefreshAnimationView.m */ = {isa = PBXFileReference; fileEncoding = 4; lastKnownFileType = sourcecode.c.objc; path = FMRefreshAnimationView.m; sourceTree = "<group>"; };
		A9AA1334DB95FF24FDA1ED70 /* Pods-FlavaMusic.debug.xcconfig */ = {isa = PBXFileReference; includeInIndex = 1; lastKnownFileType = text.xcconfig; name = "Pods-FlavaMusic.debug.xcconfig"; path = "Pods/Target Support Files/Pods-FlavaMusic/Pods-FlavaMusic.debug.xcconfig"; sourceTree = "<group>"; };
		CC648626B2FE6752514EBDB3 /* Pods-FlavaMusic.release.xcconfig */ = {isa = PBXFileReference; includeInIndex = 1; lastKnownFileType = text.xcconfig; name = "Pods-FlavaMusic.release.xcconfig"; path = "Pods/Target Support Files/Pods-FlavaMusic/Pods-FlavaMusic.release.xcconfig"; sourceTree = "<group>"; };
		CFD6A65A4A03A3AE969BEF50 /* libPods-FlavaMusic.a */ = {isa = PBXFileReference; explicitFileType = archive.ar; includeInIndex = 0; path = "libPods-FlavaMusic.a"; sourceTree = BUILT_PRODUCTS_DIR; };
/* End PBXFileReference section */

/* Begin PBXFrameworksBuildPhase section */
		5475DB081C76C56C0033C1E9 /* Frameworks */ = {
			isa = PBXFrameworksBuildPhase;
			buildActionMask = 2147483647;
			files = (
				B1B8622708C0CC402C209D08 /* libPods-FlavaMusic.a in Frameworks */,
			);
			runOnlyForDeploymentPostprocessing = 0;
		};
		5475DB241C76C56C0033C1E9 /* Frameworks */ = {
			isa = PBXFrameworksBuildPhase;
			buildActionMask = 2147483647;
			files = (
			);
			runOnlyForDeploymentPostprocessing = 0;
		};
		5475DB2F1C76C56C0033C1E9 /* Frameworks */ = {
			isa = PBXFrameworksBuildPhase;
			buildActionMask = 2147483647;
			files = (
			);
			runOnlyForDeploymentPostprocessing = 0;
		};
/* End PBXFrameworksBuildPhase section */

/* Begin PBXGroup section */
		3E28A5453FFBE88F6C2C4C73 /* Frameworks */ = {
			isa = PBXGroup;
			children = (
				CFD6A65A4A03A3AE969BEF50 /* libPods-FlavaMusic.a */,
			);
			name = Frameworks;
			sourceTree = "<group>";
		};
		5456A4F51E371A5700590A98 /* CLCommon */ = {
			isa = PBXGroup;
			children = (
				5456A4F61E371A5700590A98 /* model */,
			);
			path = CLCommon;
			sourceTree = "<group>";
		};
		5456A4F61E371A5700590A98 /* model */ = {
			isa = PBXGroup;
			children = (
				5456A4F71E371A8300590A98 /* CLDataService.h */,
				5456A4F81E371A8300590A98 /* CLDataService.m */,
			);
			path = model;
			sourceTree = "<group>";
		};
		5475DB021C76C56C0033C1E9 = {
			isa = PBXGroup;
			children = (
				5475DB0D1C76C56C0033C1E9 /* FlavaMusic */,
				5475DB2A1C76C56C0033C1E9 /* FlavaMusicTests */,
				5475DB351C76C56C0033C1E9 /* FlavaMusicUITests */,
				5475DB0C1C76C56C0033C1E9 /* Products */,
				86109E6F1F78CF49D6D3D6B5 /* Pods */,
				3E28A5453FFBE88F6C2C4C73 /* Frameworks */,
			);
			sourceTree = "<group>";
		};
		5475DB0C1C76C56C0033C1E9 /* Products */ = {
			isa = PBXGroup;
			children = (
				5475DB0B1C76C56C0033C1E9 /* FlavaMusic.app */,
				5475DB271C76C56C0033C1E9 /* FlavaMusicTests.xctest */,
				5475DB321C76C56C0033C1E9 /* FlavaMusicUITests.xctest */,
			);
			name = Products;
			sourceTree = "<group>";
		};
		5475DB0D1C76C56C0033C1E9 /* FlavaMusic */ = {
			isa = PBXGroup;
			children = (
				5475DB111C76C56C0033C1E9 /* AppDelegate.h */,
				5475DB121C76C56C0033C1E9 /* AppDelegate.m */,
				5475DB141C76C56C0033C1E9 /* ViewController.h */,
				5475DB151C76C56C0033C1E9 /* ViewController.m */,
				5475DB171C76C56C0033C1E9 /* Main.storyboard */,
				54FD61411C76EAEA0022CA54 /* FMConstant.h */,
				54FD61391C76E7430022CA54 /* FMCommon */,
				5456A4F51E371A5700590A98 /* CLCommon */,
				5475DB1D1C76C56C0033C1E9 /* Assets.xcassets */,
				5475DB1F1C76C56C0033C1E9 /* LaunchScreen.storyboard */,
				5475DB221C76C56C0033C1E9 /* Info.plist */,
				5475DB1A1C76C56C0033C1E9 /* FlavaMusic.xcdatamodeld */,
				54FD61351C76E4620022CA54 /* Resource */,
				5475DB0E1C76C56C0033C1E9 /* Supporting Files */,
			);
			path = FlavaMusic;
			sourceTree = "<group>";
		};
		5475DB0E1C76C56C0033C1E9 /* Supporting Files */ = {
			isa = PBXGroup;
			children = (
				5475DB0F1C76C56C0033C1E9 /* main.m */,
				54FD61401C76EA1A0022CA54 /* FlavaMusic-prefix.pch */,
			);
			name = "Supporting Files";
			sourceTree = "<group>";
		};
		5475DB2A1C76C56C0033C1E9 /* FlavaMusicTests */ = {
			isa = PBXGroup;
			children = (
				5475DB2B1C76C56C0033C1E9 /* FlavaMusicTests.m */,
				5475DB2D1C76C56C0033C1E9 /* Info.plist */,
			);
			path = FlavaMusicTests;
			sourceTree = "<group>";
		};
		5475DB351C76C56C0033C1E9 /* FlavaMusicUITests */ = {
			isa = PBXGroup;
			children = (
				5475DB361C76C56C0033C1E9 /* FlavaMusicUITests.m */,
				5475DB381C76C56D0033C1E9 /* Info.plist */,
			);
			path = FlavaMusicUITests;
			sourceTree = "<group>";
		};
		54FD61351C76E4620022CA54 /* Resource */ = {
			isa = PBXGroup;
			children = (
			);
			path = Resource;
			sourceTree = "<group>";
		};
		54FD61391C76E7430022CA54 /* FMCommon */ = {
			isa = PBXGroup;
			children = (
				6FDB85BD1D676BC400D9CAB8 /* Resources */,
				6FDB85B31D5B6AE500D9CAB8 /* view */,
				54FD613A1C76E7430022CA54 /* controller */,
				54FD613B1C76E7430022CA54 /* model */,
			);
			path = FMCommon;
			sourceTree = "<group>";
		};
		54FD613A1C76E7430022CA54 /* controller */ = {
			isa = PBXGroup;
			children = (
			);
			path = controller;
			sourceTree = "<group>";
		};
		54FD613B1C76E7430022CA54 /* model */ = {
			isa = PBXGroup;
			children = (
				54FD613D1C76E7760022CA54 /* FMDataService.h */,
				54FD613E1C76E7760022CA54 /* FMDataService.m */,
			);
			path = model;
			sourceTree = "<group>";
		};
		6FDB85B31D5B6AE500D9CAB8 /* view */ = {
			isa = PBXGroup;
			children = (
				6FDB85B41D5B6AE500D9CAB8 /* FMScrollHeaderCell.h */,
				6FDB85B51D5B6AE500D9CAB8 /* FMScrollHeaderCell.m */,
				6FDB85B71D5B6BF500D9CAB8 /* FMScrollHeaderItemView.h */,
				6FDB85B81D5B6BF500D9CAB8 /* FMScrollHeaderItemView.m */,
				6FDB85BA1D676A0500D9CAB8 /* FMRefreshHeaderView.h */,
				6FDB85BB1D676A0500D9CAB8 /* FMRefreshHeaderView.m */,
				6FDB85C51D676F8C00D9CAB8 /* FMRefreshAnimationView.h */,
				6FDB85C61D676F8C00D9CAB8 /* FMRefreshAnimationView.m */,
			);
			path = view;
			sourceTree = "<group>";
		};
		6FDB85BD1D676BC400D9CAB8 /* Resources */ = {
			isa = PBXGroup;
			children = (
				54B3DCDF1E9CEE2B00FF236D /* QueryViolations_ent-LinkMap-normal-arm64.txt */,
				6FDB85BE1D676BC400D9CAB8 /* image */,
			);
			path = Resources;
			sourceTree = "<group>";
		};
		6FDB85BE1D676BC400D9CAB8 /* image */ = {
			isa = PBXGroup;
			children = (
				6FDB85BF1D676BC400D9CAB8 /* refresh_header_ani_0@2x.png */,
				6FDB85C01D676BC400D9CAB8 /* refresh_header_ani_1@2x.png */,
				6FDB85C11D676BC400D9CAB8 /* refresh_header_ani_2@2x.png */,
			);
			path = image;
			sourceTree = "<group>";
		};
		86109E6F1F78CF49D6D3D6B5 /* Pods */ = {
			isa = PBXGroup;
			children = (
				A9AA1334DB95FF24FDA1ED70 /* Pods-FlavaMusic.debug.xcconfig */,
				CC648626B2FE6752514EBDB3 /* Pods-FlavaMusic.release.xcconfig */,
			);
			name = Pods;
			sourceTree = "<group>";
		};
/* End PBXGroup section */

/* Begin PBXNativeTarget section */
		5475DB0A1C76C56C0033C1E9 /* FlavaMusic */ = {
			isa = PBXNativeTarget;
			buildConfigurationList = 5475DB3B1C76C56D0033C1E9 /* Build configuration list for PBXNativeTarget "FlavaMusic" */;
			buildPhases = (
				1C5F26A8BC610809F48FE702 /* [CP] Check Pods Manifest.lock */,
				5475DB071C76C56C0033C1E9 /* Sources */,
				5475DB081C76C56C0033C1E9 /* Frameworks */,
				5475DB091C76C56C0033C1E9 /* Resources */,
				8E5F9E211F91B334889EFDAC /* [CP] Embed Pods Frameworks */,
				A6FF0385097898BC248AA3DD /* [CP] Copy Pods Resources */,
			);
			buildRules = (
			);
			dependencies = (
			);
			name = FlavaMusic;
			productName = FlavaMusic;
			productReference = 5475DB0B1C76C56C0033C1E9 /* FlavaMusic.app */;
			productType = "com.apple.product-type.application";
		};
		5475DB261C76C56C0033C1E9 /* FlavaMusicTests */ = {
			isa = PBXNativeTarget;
			buildConfigurationList = 5475DB3E1C76C56D0033C1E9 /* Build configuration list for PBXNativeTarget "FlavaMusicTests" */;
			buildPhases = (
				5475DB231C76C56C0033C1E9 /* Sources */,
				5475DB241C76C56C0033C1E9 /* Frameworks */,
				5475DB251C76C56C0033C1E9 /* Resources */,
			);
			buildRules = (
			);
			dependencies = (
				5475DB291C76C56C0033C1E9 /* PBXTargetDependency */,
			);
			name = FlavaMusicTests;
			productName = FlavaMusicTests;
			productReference = 5475DB271C76C56C0033C1E9 /* FlavaMusicTests.xctest */;
			productType = "com.apple.product-type.bundle.unit-test";
		};
		5475DB311C76C56C0033C1E9 /* FlavaMusicUITests */ = {
			isa = PBXNativeTarget;
			buildConfigurationList = 5475DB411C76C56D0033C1E9 /* Build configuration list for PBXNativeTarget "FlavaMusicUITests" */;
			buildPhases = (
				5475DB2E1C76C56C0033C1E9 /* Sources */,
				5475DB2F1C76C56C0033C1E9 /* Frameworks */,
				5475DB301C76C56C0033C1E9 /* Resources */,
			);
			buildRules = (
			);
			dependencies = (
				5475DB341C76C56C0033C1E9 /* PBXTargetDependency */,
			);
			name = FlavaMusicUITests;
			productName = FlavaMusicUITests;
			productReference = 5475DB321C76C56C0033C1E9 /* FlavaMusicUITests.xctest */;
			productType = "com.apple.product-type.bundle.ui-testing";
		};
/* End PBXNativeTarget section */

/* Begin PBXProject section */
		5475DB031C76C56C0033C1E9 /* Project object */ = {
			isa = PBXProject;
			attributes = {
				LastUpgradeCheck = 0720;
				ORGANIZATIONNAME = R_style_Man;
				TargetAttributes = {
					5475DB0A1C76C56C0033C1E9 = {
						CreatedOnToolsVersion = 7.2.1;
					};
					5475DB261C76C56C0033C1E9 = {
						CreatedOnToolsVersion = 7.2.1;
						TestTargetID = 5475DB0A1C76C56C0033C1E9;
					};
					5475DB311C76C56C0033C1E9 = {
						CreatedOnToolsVersion = 7.2.1;
						TestTargetID = 5475DB0A1C76C56C0033C1E9;
					};
				};
			};
			buildConfigurationList = 5475DB061C76C56C0033C1E9 /* Build configuration list for PBXProject "FlavaMusic" */;
			compatibilityVersion = "Xcode 3.2";
			developmentRegion = English;
			hasScannedForEncodings = 0;
			knownRegions = (
				en,
				Base,
			);
			mainGroup = 5475DB021C76C56C0033C1E9;
			productRefGroup = 5475DB0C1C76C56C0033C1E9 /* Products */;
			projectDirPath = "";
			projectRoot = "";
			targets = (
				5475DB0A1C76C56C0033C1E9 /* FlavaMusic */,
				5475DB261C76C56C0033C1E9 /* FlavaMusicTests */,
				5475DB311C76C56C0033C1E9 /* FlavaMusicUITests */,
			);
		};
/* End PBXProject section */

/* Begin PBXResourcesBuildPhase section */
		5475DB091C76C56C0033C1E9 /* Resources */ = {
			isa = PBXResourcesBuildPhase;
			buildActionMask = 2147483647;
			files = (
				54B3DCE01E9CEE2B00FF236D /* QueryViolations_ent-LinkMap-normal-arm64.txt in Resources */,
				5475DB211C76C56C0033C1E9 /* LaunchScreen.storyboard in Resources */,
				6FDB85C41D676BC400D9CAB8 /* refresh_header_ani_2@2x.png in Resources */,
				6FDB85C21D676BC400D9CAB8 /* refresh_header_ani_0@2x.png in Resources */,
				5475DB1E1C76C56C0033C1E9 /* Assets.xcassets in Resources */,
				6FDB85C31D676BC400D9CAB8 /* refresh_header_ani_1@2x.png in Resources */,
				5475DB191C76C56C0033C1E9 /* Main.storyboard in Resources */,
			);
			runOnlyForDeploymentPostprocessing = 0;
		};
		5475DB251C76C56C0033C1E9 /* Resources */ = {
			isa = PBXResourcesBuildPhase;
			buildActionMask = 2147483647;
			files = (
			);
			runOnlyForDeploymentPostprocessing = 0;
		};
		5475DB301C76C56C0033C1E9 /* Resources */ = {
			isa = PBXResourcesBuildPhase;
			buildActionMask = 2147483647;
			files = (
			);
			runOnlyForDeploymentPostprocessing = 0;
		};
/* End PBXResourcesBuildPhase section */

/* Begin PBXShellScriptBuildPhase section */
		1C5F26A8BC610809F48FE702 /* [CP] Check Pods Manifest.lock */ = {
			isa = PBXShellScriptBuildPhase;
			buildActionMask = 2147483647;
			files = (
			);
			inputPaths = (
			);
			name = "[CP] Check Pods Manifest.lock";
			outputPaths = (
			);
			runOnlyForDeploymentPostprocessing = 0;
			shellPath = /bin/sh;
			shellScript = "diff \"${PODS_ROOT}/../Podfile.lock\" \"${PODS_ROOT}/Manifest.lock\" > /dev/null\nif [ $? != 0 ] ; then\n    # print error to STDERR\n    echo \"error: The sandbox is not in sync with the Podfile.lock. Run 'pod install' or update your CocoaPods installation.\" >&2\n    exit 1\nfi\n";
			showEnvVarsInLog = 0;
		};
		8E5F9E211F91B334889EFDAC /* [CP] Embed Pods Frameworks */ = {
			isa = PBXShellScriptBuildPhase;
			buildActionMask = 2147483647;
			files = (
			);
			inputPaths = (
			);
			name = "[CP] Embed Pods Frameworks";
			outputPaths = (
			);
			runOnlyForDeploymentPostprocessing = 0;
			shellPath = /bin/sh;
			shellScript = "\"${SRCROOT}/Pods/Target Support Files/Pods-FlavaMusic/Pods-FlavaMusic-frameworks.sh\"\n";
			showEnvVarsInLog = 0;
		};
		A6FF0385097898BC248AA3DD /* [CP] Copy Pods Resources */ = {
			isa = PBXShellScriptBuildPhase;
			buildActionMask = 2147483647;
			files = (
			);
			inputPaths = (
			);
			name = "[CP] Copy Pods Resources";
			outputPaths = (
			);
			runOnlyForDeploymentPostprocessing = 0;
			shellPath = /bin/sh;
			shellScript = "\"${SRCROOT}/Pods/Target Support Files/Pods-FlavaMusic/Pods-FlavaMusic-resources.sh\"\n";
			showEnvVarsInLog = 0;
		};
/* End PBXShellScriptBuildPhase section */

/* Begin PBXSourcesBuildPhase section */
		5475DB071C76C56C0033C1E9 /* Sources */ = {
			isa = PBXSourcesBuildPhase;
			buildActionMask = 2147483647;
			files = (
				54FD613F1C76E7760022CA54 /* FMDataService.m in Sources */,
				5475DB161C76C56C0033C1E9 /* ViewController.m in Sources */,
				5475DB131C76C56C0033C1E9 /* AppDelegate.m in Sources */,
				5475DB1C1C76C56C0033C1E9 /* FlavaMusic.xcdatamodeld in Sources */,
				5456A4F91E371A8300590A98 /* CLDataService.m in Sources */,
				6FDB85B61D5B6AE500D9CAB8 /* FMScrollHeaderCell.m in Sources */,
				6FDB85C71D676F8C00D9CAB8 /* FMRefreshAnimationView.m in Sources */,
				5475DB101C76C56C0033C1E9 /* main.m in Sources */,
				6FDB85BC1D676A0500D9CAB8 /* FMRefreshHeaderView.m in Sources */,
				6FDB85B91D5B6BF500D9CAB8 /* FMScrollHeaderItemView.m in Sources */,
			);
			runOnlyForDeploymentPostprocessing = 0;
		};
		5475DB231C76C56C0033C1E9 /* Sources */ = {
			isa = PBXSourcesBuildPhase;
			buildActionMask = 2147483647;
			files = (
				5475DB2C1C76C56C0033C1E9 /* FlavaMusicTests.m in Sources */,
			);
			runOnlyForDeploymentPostprocessing = 0;
		};
		5475DB2E1C76C56C0033C1E9 /* Sources */ = {
			isa = PBXSourcesBuildPhase;
			buildActionMask = 2147483647;
			files = (
				5475DB371C76C56C0033C1E9 /* FlavaMusicUITests.m in Sources */,
			);
			runOnlyForDeploymentPostprocessing = 0;
		};
/* End PBXSourcesBuildPhase section */

/* Begin PBXTargetDependency section */
		5475DB291C76C56C0033C1E9 /* PBXTargetDependency */ = {
			isa = PBXTargetDependency;
			target = 5475DB0A1C76C56C0033C1E9 /* FlavaMusic */;
			targetProxy = 5475DB281C76C56C0033C1E9 /* PBXContainerItemProxy */;
		};
		5475DB341C76C56C0033C1E9 /* PBXTargetDependency */ = {
			isa = PBXTargetDependency;
			target = 5475DB0A1C76C56C0033C1E9 /* FlavaMusic */;
			targetProxy = 5475DB331C76C56C0033C1E9 /* PBXContainerItemProxy */;
		};
/* End PBXTargetDependency section */

/* Begin PBXVariantGroup section */
		5475DB171C76C56C0033C1E9 /* Main.storyboard */ = {
			isa = PBXVariantGroup;
			children = (
				5475DB181C76C56C0033C1E9 /* Base */,
			);
			name = Main.storyboard;
			sourceTree = "<group>";
		};
		5475DB1F1C76C56C0033C1E9 /* LaunchScreen.storyboard */ = {
			isa = PBXVariantGroup;
			children = (
				5475DB201C76C56C0033C1E9 /* Base */,
			);
			name = LaunchScreen.storyboard;
			sourceTree = "<group>";
		};
/* End PBXVariantGroup section */

/* Begin XCBuildConfiguration section */
		5475DB391C76C56D0033C1E9 /* Debug */ = {
			isa = XCBuildConfiguration;
			buildSettings = {
				ALWAYS_SEARCH_USER_PATHS = NO;
				CLANG_CXX_LANGUAGE_STANDARD = "gnu++0x";
				CLANG_CXX_LIBRARY = "libc++";
				CLANG_ENABLE_MODULES = YES;
				CLANG_ENABLE_OBJC_ARC = YES;
				CLANG_WARN_BOOL_CONVERSION = YES;
				CLANG_WARN_CONSTANT_CONVERSION = YES;
				CLANG_WARN_DIRECT_OBJC_ISA_USAGE = YES_ERROR;
				CLANG_WARN_EMPTY_BODY = YES;
				CLANG_WARN_ENUM_CONVERSION = YES;
				CLANG_WARN_INT_CONVERSION = YES;
				CLANG_WARN_OBJC_ROOT_CLASS = YES_ERROR;
				CLANG_WARN_UNREACHABLE_CODE = YES;
				CLANG_WARN__DUPLICATE_METHOD_MATCH = YES;
				"CODE_SIGN_IDENTITY[sdk=iphoneos*]" = "iPhone Developer";
				COPY_PHASE_STRIP = NO;
				DEBUG_INFORMATION_FORMAT = dwarf;
				ENABLE_STRICT_OBJC_MSGSEND = YES;
				ENABLE_TESTABILITY = YES;
				GCC_C_LANGUAGE_STANDARD = gnu99;
				GCC_DYNAMIC_NO_PIC = NO;
				GCC_NO_COMMON_BLOCKS = YES;
				GCC_OPTIMIZATION_LEVEL = 0;
				GCC_PREPROCESSOR_DEFINITIONS = (
					"DEBUG=1",
					"$(inherited)",
				);
				GCC_WARN_64_TO_32_BIT_CONVERSION = YES;
				GCC_WARN_ABOUT_RETURN_TYPE = YES_ERROR;
				GCC_WARN_UNDECLARED_SELECTOR = YES;
				GCC_WARN_UNINITIALIZED_AUTOS = YES_AGGRESSIVE;
				GCC_WARN_UNUSED_FUNCTION = YES;
				GCC_WARN_UNUSED_VARIABLE = YES;
				IPHONEOS_DEPLOYMENT_TARGET = 9.2;
				MTL_ENABLE_DEBUG_INFO = YES;
				ONLY_ACTIVE_ARCH = YES;
				SDKROOT = iphoneos;
				TARGETED_DEVICE_FAMILY = "1,2";
			};
			name = Debug;
		};
		5475DB3A1C76C56D0033C1E9 /* Release */ = {
			isa = XCBuildConfiguration;
			buildSettings = {
				ALWAYS_SEARCH_USER_PATHS = NO;
				CLANG_CXX_LANGUAGE_STANDARD = "gnu++0x";
				CLANG_CXX_LIBRARY = "libc++";
				CLANG_ENABLE_MODULES = YES;
				CLANG_ENABLE_OBJC_ARC = YES;
				CLANG_WARN_BOOL_CONVERSION = YES;
				CLANG_WARN_CONSTANT_CONVERSION = YES;
				CLANG_WARN_DIRECT_OBJC_ISA_USAGE = YES_ERROR;
				CLANG_WARN_EMPTY_BODY = YES;
				CLANG_WARN_ENUM_CONVERSION = YES;
				CLANG_WARN_INT_CONVERSION = YES;
				CLANG_WARN_OBJC_ROOT_CLASS = YES_ERROR;
				CLANG_WARN_UNREACHABLE_CODE = YES;
				CLANG_WARN__DUPLICATE_METHOD_MATCH = YES;
				"CODE_SIGN_IDENTITY[sdk=iphoneos*]" = "iPhone Developer";
				COPY_PHASE_STRIP = NO;
				DEBUG_INFORMATION_FORMAT = "dwarf-with-dsym";
				ENABLE_NS_ASSERTIONS = NO;
				ENABLE_STRICT_OBJC_MSGSEND = YES;
				GCC_C_LANGUAGE_STANDARD = gnu99;
				GCC_NO_COMMON_BLOCKS = YES;
				GCC_WARN_64_TO_32_BIT_CONVERSION = YES;
				GCC_WARN_ABOUT_RETURN_TYPE = YES_ERROR;
				GCC_WARN_UNDECLARED_SELECTOR = YES;
				GCC_WARN_UNINITIALIZED_AUTOS = YES_AGGRESSIVE;
				GCC_WARN_UNUSED_FUNCTION = YES;
				GCC_WARN_UNUSED_VARIABLE = YES;
				IPHONEOS_DEPLOYMENT_TARGET = 9.2;
				MTL_ENABLE_DEBUG_INFO = NO;
				SDKROOT = iphoneos;
				TARGETED_DEVICE_FAMILY = "1,2";
				VALIDATE_PRODUCT = YES;
			};
			name = Release;
		};
		5475DB3C1C76C56D0033C1E9 /* Debug */ = {
			isa = XCBuildConfiguration;
			baseConfigurationReference = A9AA1334DB95FF24FDA1ED70 /* Pods-FlavaMusic.debug.xcconfig */;
			buildSettings = {
				ASSETCATALOG_COMPILER_APPICON_NAME = AppIcon;
				CODE_SIGN_IDENTITY = "iPhone Developer: Developer Chelun (37DD9HVT5Z)";
				FRAMEWORK_SEARCH_PATHS = "";
				GCC_PREFIX_HEADER = "$(SRCROOT)/FlavaMusic/FlavaMusic-prefix.pch";
				INFOPLIST_FILE = FlavaMusic/Info.plist;
				LD_RUNPATH_SEARCH_PATHS = "$(inherited) @executable_path/Frameworks";
				OTHER_LDFLAGS = (
					"$(inherited)",
					"-ObjC",
					"-l\"AFNetworking\"",
					"-l\"FMDB\"",
					"-l\"sqlite3\"",
					"-framework",
					"\"CoreGraphics\"",
					"-framework",
					"\"MobileCoreServices\"",
					"-framework",
					"\"Security\"",
					"-framework",
					"\"SystemConfiguration\"",
					"-Istdc++",
				);
				PRODUCT_BUNDLE_IDENTIFIER = com.congcong.FlavaMusic;
				PRODUCT_NAME = "$(TARGET_NAME)";
				PROVISIONING_PROFILE = "5cbf8b1a-13a8-4d4e-81ce-5132883e9ce1";
				PROVISIONING_PROFILE_SPECIFIER = "chelun any app";
			};
			name = Debug;
		};
		5475DB3D1C76C56D0033C1E9 /* Release */ = {
			isa = XCBuildConfiguration;
			baseConfigurationReference = CC648626B2FE6752514EBDB3 /* Pods-FlavaMusic.release.xcconfig */;
			buildSettings = {
				ASSETCATALOG_COMPILER_APPICON_NAME = AppIcon;
				CODE_SIGN_IDENTITY = "iPhone Developer: Developer Chelun (37DD9HVT5Z)";
				FRAMEWORK_SEARCH_PATHS = "";
				GCC_PREFIX_HEADER = "$(SRCROOT)/FlavaMusic/FlavaMusic-prefix.pch";
				INFOPLIST_FILE = FlavaMusic/Info.plist;
				LD_RUNPATH_SEARCH_PATHS = "$(inherited) @executable_path/Frameworks";
				OTHER_LDFLAGS = (
					"$(inherited)",
					"-ObjC",
					"-l\"AFNetworking\"",
					"-l\"FMDB\"",
					"-l\"sqlite3\"",
					"-framework",
					"\"CoreGraphics\"",
					"-framework",
					"\"MobileCoreServices\"",
					"-framework",
					"\"Security\"",
					"-framework",
					"\"SystemConfiguration\"",
					"-Istdc++",
				);
				PRODUCT_BUNDLE_IDENTIFIER = com.congcong.FlavaMusic;
				PRODUCT_NAME = "$(TARGET_NAME)";
				PROVISIONING_PROFILE = "5cbf8b1a-13a8-4d4e-81ce-5132883e9ce1";
				PROVISIONING_PROFILE_SPECIFIER = "chelun any app";
			};
			name = Release;
		};
		5475DB3F1C76C56D0033C1E9 /* Debug */ = {
			isa = XCBuildConfiguration;
			buildSettings = {
				BUNDLE_LOADER = "$(TEST_HOST)";
				INFOPLIST_FILE = FlavaMusicTests/Info.plist;
				LD_RUNPATH_SEARCH_PATHS = "$(inherited) @executable_path/Frameworks @loader_path/Frameworks";
				PRODUCT_BUNDLE_IDENTIFIER = com.congcong.FlavaMusicTests;
				PRODUCT_NAME = "$(TARGET_NAME)";
				TEST_HOST = "$(BUILT_PRODUCTS_DIR)/FlavaMusic.app/FlavaMusic";
			};
			name = Debug;
		};
		5475DB401C76C56D0033C1E9 /* Release */ = {
			isa = XCBuildConfiguration;
			buildSettings = {
				BUNDLE_LOADER = "$(TEST_HOST)";
				INFOPLIST_FILE = FlavaMusicTests/Info.plist;
				LD_RUNPATH_SEARCH_PATHS = "$(inherited) @executable_path/Frameworks @loader_path/Frameworks";
				PRODUCT_BUNDLE_IDENTIFIER = com.congcong.FlavaMusicTests;
				PRODUCT_NAME = "$(TARGET_NAME)";
				TEST_HOST = "$(BUILT_PRODUCTS_DIR)/FlavaMusic.app/FlavaMusic";
			};
			name = Release;
		};
		5475DB421C76C56D0033C1E9 /* Debug */ = {
			isa = XCBuildConfiguration;
			buildSettings = {
				INFOPLIST_FILE = FlavaMusicUITests/Info.plist;
				LD_RUNPATH_SEARCH_PATHS = "$(inherited) @executable_path/Frameworks @loader_path/Frameworks";
				PRODUCT_BUNDLE_IDENTIFIER = com.congcong.FlavaMusicUITests;
				PRODUCT_NAME = "$(TARGET_NAME)";
				TEST_TARGET_NAME = FlavaMusic;
				USES_XCTRUNNER = YES;
			};
			name = Debug;
		};
		5475DB431C76C56D0033C1E9 /* Release */ = {
			isa = XCBuildConfiguration;
			buildSettings = {
				INFOPLIST_FILE = FlavaMusicUITests/Info.plist;
				LD_RUNPATH_SEARCH_PATHS = "$(inherited) @executable_path/Frameworks @loader_path/Frameworks";
				PRODUCT_BUNDLE_IDENTIFIER = com.congcong.FlavaMusicUITests;
				PRODUCT_NAME = "$(TARGET_NAME)";
				TEST_TARGET_NAME = FlavaMusic;
				USES_XCTRUNNER = YES;
			};
			name = Release;
		};
/* End XCBuildConfiguration section */

/* Begin XCConfigurationList section */
		5475DB061C76C56C0033C1E9 /* Build configuration list for PBXProject "FlavaMusic" */ = {
			isa = XCConfigurationList;
			buildConfigurations = (
				5475DB391C76C56D0033C1E9 /* Debug */,
				5475DB3A1C76C56D0033C1E9 /* Release */,
			);
			defaultConfigurationIsVisible = 0;
			defaultConfigurationName = Release;
		};
		5475DB3B1C76C56D0033C1E9 /* Build configuration list for PBXNativeTarget "FlavaMusic" */ = {
			isa = XCConfigurationList;
			buildConfigurations = (
				5475DB3C1C76C56D0033C1E9 /* Debug */,
				5475DB3D1C76C56D0033C1E9 /* Release */,
			);
			defaultConfigurationIsVisible = 0;
			defaultConfigurationName = Release;
		};
		5475DB3E1C76C56D0033C1E9 /* Build configuration list for PBXNativeTarget "FlavaMusicTests" */ = {
			isa = XCConfigurationList;
			buildConfigurations = (
				5475DB3F1C76C56D0033C1E9 /* Debug */,
				5475DB401C76C56D0033C1E9 /* Release */,
			);
			defaultConfigurationIsVisible = 0;
			defaultConfigurationName = Release;
		};
		5475DB411C76C56D0033C1E9 /* Build configuration list for PBXNativeTarget "FlavaMusicUITests" */ = {
			isa = XCConfigurationList;
			buildConfigurations = (
				5475DB421C76C56D0033C1E9 /* Debug */,
				5475DB431C76C56D0033C1E9 /* Release */,
			);
			defaultConfigurationIsVisible = 0;
			defaultConfigurationName = Release;
		};
/* End XCConfigurationList section */

/* Begin XCVersionGroup section */
		5475DB1A1C76C56C0033C1E9 /* FlavaMusic.xcdatamodeld */ = {
			isa = XCVersionGroup;
			children = (
				5475DB1B1C76C56C0033C1E9 /* FlavaMusic.xcdatamodel */,
			);
			currentVersion = 5475DB1B1C76C56C0033C1E9 /* FlavaMusic.xcdatamodel */;
			path = FlavaMusic.xcdatamodeld;
			sourceTree = "<group>";
			versionGroupType = wrapper.xcdatamodel;
		};
/* End XCVersionGroup section */
	};
	rootObject = 5475DB031C76C56C0033C1E9 /* Project object */;
}
